{
  "nodes": {
    "bats": {
      "inputs": {
        "conformist": [
          "conformist"
        ],
        "igloo": [
          "igloo"
        ],
        "nixpkgs-master": [
          "nixpkgs-master"
        ],
        "utils": [
          "utils"
        ]
      },
      "locked": {
        "lastModified": 1791335630,
        "narHash": "sha256-BSoHs82j5KUjrUwuD9ldg5KstNCMEh84fT1OEc/vgWY=",
        "rev": "6d0698bcc9708ce04d3f402da85effd1cb9f6074",
        "type": "tarball",
        "url": "https://code.linenisgreat.com/bats/archive/6d0698bcc9708ce04d3f402da85effd1cb9f6074.tar.gz"
      },
      "original": {
        "type": "tarball",
        "url": "https://code.linenisgreat.com/bats/archive/master.tar.gz"
      }
    },
    "bun2nix": {
      "inputs": {
        "flake-parts": [
          "igloo",
          "flake-parts"
        ],
        "nixpkgs": [
          "igloo",
          "nixpkgs-master"
        ],
        "systems": [
          "igloo",
          "systems"
        ],
        "treefmt-nix": [
          "igloo",
          "treefmt-nix"
        ]
      },
      "locked": {
        "lastModified": 1784665499,
        "narHash": "sha256-9BMxlTxCCDAeoNLtb1a/st7udtTIJep+wpUzquA29VU=",
        "owner": "nix-community",
        "repo": "bun2nix",
        "rev": "0f2a1f0b6f42cebe3b149bf62d38754c5e0e9729",
        "type": "github"
      },
      "original": {
        "owner": "nix-community",
        "repo": "bun2nix",
        "type": "github"
      }
    },
    "conformist": {
      "inputs": {
        "igloo": [
          "igloo"
        ],
        "nixpkgs-master": [
          "nixpkgs-master"
        ],
        "utils": [
          "utils"
        ]
      },
      "locked": {
        "lastModified": 1791333767,
        "narHash": "sha256-H965TRI3VsSeWbjbPNpdGRWcz7j74pMI7raYDRYzdnc=",
        "rev": "db52ff289011e9e7f7d09b78ff90b8148cca7b1b",
        "type": "tarball",
        "url": "https://code.linenisgreat.com/conformist/archive/db52ff289011e9e7f7d09b78ff90b8148cca7b1b.tar.gz"
      },
      "original": {
        "type": "tarball",
        "url": "https://code.linenisgreat.com/conformist/archive/master.tar.gz"
      }
    },
    "crane": {
      "locked": {
        "lastModified": 1790899423,
        "narHash": "sha256-THGtz65UGJU+sonZidRboyCMk+9DclpMF7pwL4uDV4M=",
        "owner": "ipetkov",
        "repo": "crane",
        "rev": "47b6b27ed9a3a9181415e4367d0c30ab2a0e0250",
        "type": "github"
      },
      "original": {
        "owner": "ipetkov",
        "repo": "crane",
        "type": "github"
      }
    },
    "flake-parts": {
      "inputs": {
        "nixpkgs-lib": [
          "igloo",
          "nixpkgs-master"
        ]
      },
      "locked": {
        "lastModified": 1790898470,
        "narHash": "sha256-zTwuwezD0w3hpga6a6P8emidzAZFyWqlNeRBlpWOOl8=",
        "owner": "hercules-ci",
        "repo": "flake-parts",
        "rev": "024633cd702b10285db5cb19b40ad48d2399ba60",
        "type": "github"
      },
      "original": {
        "owner": "hercules-ci",
        "repo": "flake-parts",
        "type": "github"
      }
    },
    "gomod2nix": {
      "inputs": {
        "flake-utils": [
          "tap",
          "utils"
        ],
        "nixpkgs-master": [
          "tap",
          "nixpkgs-master"
        ]
      },
      "locked": {
        "lastModified": 1785249242,
        "narHash": "sha256-PYnzeRibCvHs1TLPPZxEds1KW0qYUZ4ycfeCc6bCwrk=",
        "rev": "38d90d9cdcaca83282c78f8ce1f89414b3e0d854",
        "type": "tarball",
        "url": "https://code.linenisgreat.com/gomod2nix/archive/38d90d9cdcaca83282c78f8ce1f89414b3e0d854.tar.gz"
      },
      "original": {
        "type": "tarball",
        "url": "https://code.linenisgreat.com/gomod2nix/archive/master.tar.gz"
      }
    },
    "igloo": {
      "inputs": {
        "bun2nix": "bun2nix",
        "flake-parts": "flake-parts",
        "nixpkgs-master": [
          "nixpkgs-master"
        ],
        "systems": "systems",
        "treefmt-nix": "treefmt-nix"
      },
      "locked": {
        "lastModified": 1791333261,
        "narHash": "sha256-IJ3TTqOy3H+BBnptpCIjkzRG6xwBqG1ZTnLXKKLJo34=",
        "rev": "32a91c6f550c01b1bbe84b5772f5cc7df2e4250a",
        "type": "tarball",
        "url": "https://code.linenisgreat.com/igloo/archive/32a91c6f550c01b1bbe84b5772f5cc7df2e4250a.tar.gz"
      },
      "original": {
        "type": "tarball",
        "url": "https://code.linenisgreat.com/igloo/archive/master.tar.gz"
      }
    },
    "nixpkgs-master": {
      "locked": {
        "lastModified": 1790689126,
        "narHash": "sha256-ilerN1WLSvF+HMjziC/Wv99J5y02maDH+6hZPwsORKg=",
        "owner": "NixOS",
        "repo": "nixpkgs",
        "rev": "b4fd65b198c599cbe814fcb9f42d25d021595ec9",
        "type": "github"
      },
      "original": {
        "owner": "NixOS",
        "repo": "nixpkgs",
        "rev": "b4fd65b198c599cbe814fcb9f42d25d021595ec9",
        "type": "github"
      }
    },
    "purse-first": {
      "inputs": {
        "conformist": [
          "conformist"
        ],
        "gomod2nix": [
          "tap",
          "gomod2nix"
        ],
        "igloo": [
          "tap",
          "igloo"
        ],
        "nixpkgs-master": [
          "tap",
          "nixpkgs-master"
        ],
        "utils": [
          "tap",
          "utils"
        ]
      },
      "locked": {
        "lastModified": 1791334955,
        "narHash": "sha256-vOwwXdC16uNGnKShWoHBFZLSc85wJGW8xvBm0hwwsuE=",
        "rev": "09d2433dd1ef4caa9f6f5318fbf96c6e05ce3273",
        "type": "tarball",
        "url": "https://code.linenisgreat.com/purse-first/archive/09d2433dd1ef4caa9f6f5318fbf96c6e05ce3273.tar.gz"
      },
      "original": {
        "type": "tarball",
        "url": "https://code.linenisgreat.com/purse-first/archive/master.tar.gz"
      }
    },
    "root": {
      "inputs": {
        "bats": "bats",
        "conformist": "conformist",
        "igloo": "igloo",
        "nixpkgs-master": "nixpkgs-master",
        "tap": "tap",
        "utils": "utils"
      }
    },
    "rust-overlay": {
      "inputs": {
        "nixpkgs": [
          "tap",
          "igloo"
        ]
      },
      "locked": {
        "lastModified": 1791276535,
        "narHash": "sha256-iwqAmHTX1IgzTumJR3JayNAQAo5xEmmOuGzB6b2pT/Q=",
        "owner": "oxalica",
        "repo": "rust-overlay",
        "rev": "b962e5d0c8cd97196c6a882d659fe451b52ad989",
        "type": "github"
      },
      "original": {
        "owner": "oxalica",
        "repo": "rust-overlay",
        "type": "github"
      }
    },
    "systems": {
      "locked": {
        "lastModified": 1791244623,
        "narHash": "sha256-uuanbkFk8a313Zfrxdcz8Us/yQtaxNnKJtX8v0ZPpd8=",
        "owner": "nix-systems",
        "repo": "default",
        "rev": "d36eeed142f88b5a636f2e3856a53c61654cf29b",
        "type": "github"
      },
      "original": {
        "owner": "nix-systems",
        "repo": "default",
        "type": "github"
      }
    },
    "tap": {
      "inputs": {
        "bats": [
          "bats"
        ],
        "crane": "crane",
        "gomod2nix": "gomod2nix",
        "igloo": [
          "igloo"
        ],
        "nixpkgs-master": [
          "nixpkgs-master"
        ],
        "purse-first": "purse-first",
        "rust-overlay": "rust-overlay",
        "treefmt-nix": [
          "igloo",
          "treefmt-nix"
        ],
        "utils": [
          "utils"
        ]
      },
      "locked": {
        "lastModified": 1791335729,
        "narHash": "sha256-Yt1E2xwlRF21EE/FSBkdYNrjEG2t1Bkw9afovIz9etQ=",
        "rev": "207daee393a4a5e169b04f3e908b7790ca52792d",
        "type": "tarball",
        "url": "https://code.linenisgreat.com/tap/archive/207daee393a4a5e169b04f3e908b7790ca52792d.tar.gz"
      },
      "original": {
        "type": "tarball",
        "url": "https://code.linenisgreat.com/tap/archive/master.tar.gz"
      }
    },
    "treefmt-nix": {
      "inputs": {
        "nixpkgs": [
          "igloo",
          "nixpkgs-master"
        ]
      },
      "locked": {
        "lastModified": 1791203292,
        "narHash": "sha256-vuzVwvjeucSnwKwMBpyP8r5IzdrMKCHEdwTrRFwUN7I=",
        "owner": "numtide",
        "repo": "treefmt-nix",
        "rev": "03d8ee1bcbc8f9638907bb79edb9673151d0e22b",
        "type": "github"
      },
      "original": {
        "owner": "numtide",
        "repo": "treefmt-nix",
        "type": "github"
      }
    },
    "utils": {
      "inputs": {
        "systems": [
          "igloo",
          "systems"
        ]
      },
      "locked": {
        "lastModified": 1731533236,
        "narHash": "sha256-l0KFg5HjrsfsO/JpG+r7fRrqm12kzFHyUHqHCVpMMbI=",
        "rev": "11707dc2f618dd54ca8739b309ec4fc024de578b",
        "revCount": 102,
        "type": "tarball",
        "url": "https://api.flakehub.com/f/pinned/numtide/flake-utils/0.1.102%2Brev-11707dc2f618dd54ca8739b309ec4fc024de578b/0193276d-5b8f-7dbc-acf1-41cb7b54ad2e/source.tar.gz"
      },
      "original": {
        "type": "tarball",
        "url": "https://flakehub.com/f/numtide/flake-utils/0.1.102"
      }
    }
  },
  "root": "root",
  "version": 7
}
