{
  "nodes": {
    "bats": {
      "inputs": {
        "nixpkgs": [
          "nixpkgs"
        ],
        "nixpkgs-master": [
          "nixpkgs-master"
        ],
        "utils": [
          "utils"
        ]
      },
      "locked": {
        "lastModified": 1779570323,
        "narHash": "sha256-0urKW1FpMR84lmbwVvRyzAuhc1mUTs4uYq5yOqjA360=",
        "owner": "amarbel-llc",
        "repo": "bats",
        "rev": "6a64e3162c7b6953f47db826db6a1055506b8502",
        "type": "github"
      },
      "original": {
        "owner": "amarbel-llc",
        "repo": "bats",
        "type": "github"
      }
    },
    "crane": {
      "locked": {
        "lastModified": 1779130139,
        "narHash": "sha256-BLrtr42azquO7MdGFU5a7KiMl3YpFlTeIXqy1fT5GlQ=",
        "owner": "ipetkov",
        "repo": "crane",
        "rev": "edb38893982a3338972bb4a2ec7ce7c29ba10fd9",
        "type": "github"
      },
      "original": {
        "owner": "ipetkov",
        "repo": "crane",
        "type": "github"
      }
    },
    "flake-utils": {
      "inputs": {
        "systems": "systems"
      },
      "locked": {
        "lastModified": 1731533236,
        "narHash": "sha256-l0KFg5HjrsfsO/JpG+r7fRrqm12kzFHyUHqHCVpMMbI=",
        "owner": "numtide",
        "repo": "flake-utils",
        "rev": "11707dc2f618dd54ca8739b309ec4fc024de578b",
        "type": "github"
      },
      "original": {
        "owner": "numtide",
        "repo": "flake-utils",
        "type": "github"
      }
    },
    "gomod2nix": {
      "inputs": {
        "flake-utils": "flake-utils",
        "nixpkgs": [
          "tap",
          "nixpkgs"
        ],
        "nixpkgs-master": "nixpkgs-master_2"
      },
      "locked": {
        "lastModified": 1779569595,
        "narHash": "sha256-S0hyOJW//OnOB8R1zOG7X7+62ntVf40r6TFuJkTtQ4g=",
        "owner": "amarbel-llc",
        "repo": "gomod2nix",
        "rev": "b2313772128b6a5131f8b6fc5f19cf51479404ae",
        "type": "github"
      },
      "original": {
        "owner": "amarbel-llc",
        "repo": "gomod2nix",
        "type": "github"
      }
    },
    "nixpkgs": {
      "inputs": {
        "nixpkgs": "nixpkgs_2"
      },
      "locked": {
        "lastModified": 1779554513,
        "narHash": "sha256-NgonIXm93ktil26Ph6D+T1GQtFr2pzve9YKm1MOUEe0=",
        "owner": "amarbel-llc",
        "repo": "nixpkgs",
        "rev": "e5ee0b46769250ff17b756b9fc8f6f081455b717",
        "type": "github"
      },
      "original": {
        "owner": "amarbel-llc",
        "repo": "nixpkgs",
        "type": "github"
      }
    },
    "nixpkgs-master": {
      "locked": {
        "lastModified": 1778869304,
        "narHash": "sha256-30sZNZoA1cqF5JNO9fVX+wgiQYjB7HJqqJ4ztCDeBZE=",
        "owner": "NixOS",
        "repo": "nixpkgs",
        "rev": "d233902339c02a9c334e7e593de68855ad26c4cb",
        "type": "github"
      },
      "original": {
        "owner": "NixOS",
        "repo": "nixpkgs",
        "rev": "d233902339c02a9c334e7e593de68855ad26c4cb",
        "type": "github"
      }
    },
    "nixpkgs-master_2": {
      "locked": {
        "lastModified": 1778869304,
        "narHash": "sha256-30sZNZoA1cqF5JNO9fVX+wgiQYjB7HJqqJ4ztCDeBZE=",
        "owner": "NixOS",
        "repo": "nixpkgs",
        "rev": "d233902339c02a9c334e7e593de68855ad26c4cb",
        "type": "github"
      },
      "original": {
        "owner": "NixOS",
        "repo": "nixpkgs",
        "rev": "d233902339c02a9c334e7e593de68855ad26c4cb",
        "type": "github"
      }
    },
    "nixpkgs_2": {
      "locked": {
        "lastModified": 1779279859,
        "narHash": "sha256-qPbDIhrdm1o64QYpWPXYvET2eMrBKQsupzw0ZlTj47s=",
        "owner": "NixOS",
        "repo": "nixpkgs",
        "rev": "b34d83610cfd10ef6b2fa97b77f5b0f91143ceb8",
        "type": "github"
      },
      "original": {
        "owner": "NixOS",
        "ref": "master",
        "repo": "nixpkgs",
        "type": "github"
      }
    },
    "root": {
      "inputs": {
        "bats": "bats",
        "nixpkgs": "nixpkgs",
        "nixpkgs-master": "nixpkgs-master",
        "tap": "tap",
        "utils": "utils"
      }
    },
    "rust-overlay": {
      "inputs": {
        "nixpkgs": [
          "tap",
          "nixpkgs"
        ]
      },
      "locked": {
        "lastModified": 1779506148,
        "narHash": "sha256-OffE5yuMrSW71zIJNLvtl9MCO6WTAHEjlFPUCvkd/QM=",
        "owner": "oxalica",
        "repo": "rust-overlay",
        "rev": "d9973e2ab49747fada06ebbe26cda27eb0220cf1",
        "type": "github"
      },
      "original": {
        "owner": "oxalica",
        "repo": "rust-overlay",
        "type": "github"
      }
    },
    "systems": {
      "locked": {
        "lastModified": 1681028828,
        "narHash": "sha256-Vy1rq5AaRuLzOxct8nz4T6wlgyUR7zLU309k9mBC768=",
        "owner": "nix-systems",
        "repo": "default",
        "rev": "da67096a3b9bf56a91d16901293e51ba5b49a27e",
        "type": "github"
      },
      "original": {
        "owner": "nix-systems",
        "repo": "default",
        "type": "github"
      }
    },
    "systems_2": {
      "locked": {
        "lastModified": 1681028828,
        "narHash": "sha256-Vy1rq5AaRuLzOxct8nz4T6wlgyUR7zLU309k9mBC768=",
        "owner": "nix-systems",
        "repo": "default",
        "rev": "da67096a3b9bf56a91d16901293e51ba5b49a27e",
        "type": "github"
      },
      "original": {
        "owner": "nix-systems",
        "repo": "default",
        "type": "github"
      }
    },
    "tap": {
      "inputs": {
        "bats": [
          "bats"
        ],
        "crane": "crane",
        "gomod2nix": "gomod2nix",
        "nixpkgs": [
          "nixpkgs"
        ],
        "nixpkgs-master": [
          "nixpkgs-master"
        ],
        "rust-overlay": "rust-overlay",
        "treefmt-nix": "treefmt-nix",
        "utils": [
          "utils"
        ]
      },
      "locked": {
        "lastModified": 1779570542,
        "narHash": "sha256-BtvoySYVIEJ+EpYWjshO5SseGSo1exuLAKMkEwngW8I=",
        "owner": "amarbel-llc",
        "repo": "tap",
        "rev": "70dad86e34a7023f0675172a898b5174b1b3ebf1",
        "type": "github"
      },
      "original": {
        "owner": "amarbel-llc",
        "repo": "tap",
        "type": "github"
      }
    },
    "treefmt-nix": {
      "inputs": {
        "nixpkgs": [
          "tap",
          "nixpkgs"
        ]
      },
      "locked": {
        "lastModified": 1775636079,
        "narHash": "sha256-pc20NRoMdiar8oPQceQT47UUZMBTiMdUuWrYu2obUP0=",
        "owner": "numtide",
        "repo": "treefmt-nix",
        "rev": "790751ff7fd3801feeaf96d7dc416a8d581265ba",
        "type": "github"
      },
      "original": {
        "owner": "numtide",
        "repo": "treefmt-nix",
        "type": "github"
      }
    },
    "utils": {
      "inputs": {
        "systems": "systems_2"
      },
      "locked": {
        "lastModified": 1731533236,
        "narHash": "sha256-l0KFg5HjrsfsO/JpG+r7fRrqm12kzFHyUHqHCVpMMbI=",
        "rev": "11707dc2f618dd54ca8739b309ec4fc024de578b",
        "revCount": 102,
        "type": "tarball",
        "url": "https://api.flakehub.com/f/pinned/numtide/flake-utils/0.1.102%2Brev-11707dc2f618dd54ca8739b309ec4fc024de578b/0193276d-5b8f-7dbc-acf1-41cb7b54ad2e/source.tar.gz"
      },
      "original": {
        "type": "tarball",
        "url": "https://flakehub.com/f/numtide/flake-utils/0.1.102"
      }
    }
  },
  "root": "root",
  "version": 7
}
