{
  "nodes": {
    "bats": {
      "inputs": {
        "igloo": [
          "igloo"
        ],
        "nixpkgs-master": [
          "nixpkgs-master"
        ],
        "treefmt-nix": "treefmt-nix",
        "utils": [
          "utils"
        ]
      },
      "locked": {
        "lastModified": 1784112118,
        "narHash": "sha256-dOT85Uw1WGoZRMs+SrmbVHJAuO4tUobhgxXTc/aHbhM=",
        "ref": "refs/heads/master",
        "rev": "cdaa14ca559917f61566f3f0eb8f3dd7ddb477c9",
        "revCount": 2073,
        "type": "git",
        "url": "https://code.linenisgreat.com/bats.git"
      },
      "original": {
        "type": "git",
        "url": "https://code.linenisgreat.com/bats.git"
      }
    },
    "bun2nix": {
      "inputs": {
        "flake-parts": [
          "igloo",
          "flake-parts"
        ],
        "nixpkgs": [
          "igloo",
          "nixpkgs-master"
        ],
        "systems": [
          "igloo",
          "systems"
        ],
        "treefmt-nix": [
          "igloo",
          "treefmt-nix"
        ]
      },
      "locked": {
        "lastModified": 1782772816,
        "narHash": "sha256-s9BuFv0mRuZx9C1MF8qPHRdcAK14ONi0A5m6E2wqOoM=",
        "owner": "nix-community",
        "repo": "bun2nix",
        "rev": "5a39d717029e94163ac223aee8d5c9946cafed1c",
        "type": "github"
      },
      "original": {
        "owner": "nix-community",
        "repo": "bun2nix",
        "type": "github"
      }
    },
    "conformist": {
      "inputs": {
        "igloo": [
          "igloo"
        ],
        "nixpkgs-master": [
          "nixpkgs-master"
        ],
        "utils": [
          "utils"
        ]
      },
      "locked": {
        "lastModified": 1784111484,
        "narHash": "sha256-ZXTFMIipgpc3WI4NRQe6pR0OJjw8RlB4mTU52s7/GCw=",
        "ref": "refs/heads/master",
        "rev": "2099b7b546aa25709146736d2adaac4f374fb711",
        "revCount": 155,
        "type": "git",
        "url": "https://github.com/amarbel-llc/conformist.git"
      },
      "original": {
        "type": "git",
        "url": "https://github.com/amarbel-llc/conformist.git"
      }
    },
    "conformist_2": {
      "inputs": {
        "igloo": [
          "tap",
          "purse-first",
          "igloo"
        ],
        "nixpkgs-master": [
          "tap",
          "purse-first",
          "nixpkgs-master"
        ],
        "utils": [
          "tap",
          "purse-first",
          "utils"
        ]
      },
      "locked": {
        "lastModified": 1783437992,
        "narHash": "sha256-ZxAbtQ+x3/6W9sIlP4eepVZ0Gkncdm71ODMx2RTi7Hk=",
        "owner": "amarbel-llc",
        "repo": "conformist",
        "rev": "726b745ddb5280f33eac7a5df84efe0491b0899f",
        "type": "github"
      },
      "original": {
        "owner": "amarbel-llc",
        "repo": "conformist",
        "type": "github"
      }
    },
    "crane": {
      "locked": {
        "lastModified": 1783203018,
        "narHash": "sha256-G6R9IT/xwFuu+CYBWDUAok6AdC4ERC4ZfPPFtEpxnZE=",
        "owner": "ipetkov",
        "repo": "crane",
        "rev": "80db5bdc391be8a1794f6d8a2d56e3a84ebcede2",
        "type": "github"
      },
      "original": {
        "owner": "ipetkov",
        "repo": "crane",
        "type": "github"
      }
    },
    "flake-parts": {
      "inputs": {
        "nixpkgs-lib": [
          "igloo",
          "nixpkgs-master"
        ]
      },
      "locked": {
        "lastModified": 1782949081,
        "narHash": "sha256-vp6Y/Grm98ESt6ceOkWiHWyZRDV3J1RID4w+6NWK9yA=",
        "owner": "hercules-ci",
        "repo": "flake-parts",
        "rev": "17c9d6cdfc60c64f4ee8d306f9bc0b4ccb51481e",
        "type": "github"
      },
      "original": {
        "owner": "hercules-ci",
        "repo": "flake-parts",
        "type": "github"
      }
    },
    "gomod2nix": {
      "inputs": {
        "flake-utils": [
          "tap",
          "utils"
        ],
        "nixpkgs-master": [
          "tap",
          "nixpkgs-master"
        ]
      },
      "locked": {
        "lastModified": 1782656014,
        "narHash": "sha256-/JTvDNbl9p6rK7XfFib9cbYJB6a3Td0nLW33tGOZMmI=",
        "owner": "amarbel-llc",
        "repo": "gomod2nix",
        "rev": "f2530333078779ff6565f2312ad891e82b233076",
        "type": "github"
      },
      "original": {
        "owner": "amarbel-llc",
        "repo": "gomod2nix",
        "type": "github"
      }
    },
    "igloo": {
      "inputs": {
        "bun2nix": "bun2nix",
        "flake-parts": "flake-parts",
        "nixpkgs-master": [
          "nixpkgs-master"
        ],
        "systems": "systems",
        "treefmt-nix": [
          "bats",
          "treefmt-nix"
        ]
      },
      "locked": {
        "lastModified": 1783896868,
        "narHash": "sha256-pN9WzpM9sBz6DmQIlALLhAKIC9yrbY9rLa+qrYr8Ph8=",
        "ref": "refs/heads/master",
        "rev": "e04bba9f87552e4161ebec00c528361316d36d3c",
        "revCount": 73,
        "type": "git",
        "url": "https://github.com/amarbel-llc/igloo.git"
      },
      "original": {
        "type": "git",
        "url": "https://github.com/amarbel-llc/igloo.git"
      }
    },
    "nixpkgs-master": {
      "locked": {
        "lastModified": 1781577229,
        "narHash": "sha256-lrp67w8AulE9Ks53n27I45ADSzbOCn4H+CNW1Ck8B+8=",
        "owner": "NixOS",
        "repo": "nixpkgs",
        "rev": "567a49d1913ce81ac6e9582e3553dd90a955875f",
        "type": "github"
      },
      "original": {
        "owner": "NixOS",
        "repo": "nixpkgs",
        "rev": "567a49d1913ce81ac6e9582e3553dd90a955875f",
        "type": "github"
      }
    },
    "purse-first": {
      "inputs": {
        "conformist": "conformist_2",
        "gomod2nix": [
          "tap",
          "gomod2nix"
        ],
        "igloo": [
          "tap",
          "igloo"
        ],
        "nixpkgs-master": [
          "tap",
          "nixpkgs-master"
        ],
        "utils": [
          "tap",
          "utils"
        ]
      },
      "locked": {
        "lastModified": 1783466370,
        "narHash": "sha256-yyoiBIHQzL2Mb0iI5IcMtJS7qSOKw2ZH2WMe3eDTFpE=",
        "owner": "amarbel-llc",
        "repo": "purse-first",
        "rev": "bc7607f4234866c55381715c1c127282653543e9",
        "type": "github"
      },
      "original": {
        "owner": "amarbel-llc",
        "repo": "purse-first",
        "type": "github"
      }
    },
    "root": {
      "inputs": {
        "bats": "bats",
        "conformist": "conformist",
        "igloo": "igloo",
        "nixpkgs-master": "nixpkgs-master",
        "tap": "tap",
        "utils": "utils"
      }
    },
    "rust-overlay": {
      "inputs": {
        "nixpkgs": [
          "tap",
          "igloo"
        ]
      },
      "locked": {
        "lastModified": 1783488441,
        "narHash": "sha256-jmWf+H3iC/0z7/mmvTovaJx1E/LME1QyHkyk+AFfJPk=",
        "owner": "oxalica",
        "repo": "rust-overlay",
        "rev": "7dc3a177a239ed879c5581a80f6dc246c7e102f1",
        "type": "github"
      },
      "original": {
        "owner": "oxalica",
        "repo": "rust-overlay",
        "type": "github"
      }
    },
    "systems": {
      "locked": {
        "lastModified": 1681028828,
        "narHash": "sha256-Vy1rq5AaRuLzOxct8nz4T6wlgyUR7zLU309k9mBC768=",
        "owner": "nix-systems",
        "repo": "default",
        "rev": "da67096a3b9bf56a91d16901293e51ba5b49a27e",
        "type": "github"
      },
      "original": {
        "owner": "nix-systems",
        "repo": "default",
        "type": "github"
      }
    },
    "tap": {
      "inputs": {
        "bats": [
          "bats"
        ],
        "crane": "crane",
        "gomod2nix": "gomod2nix",
        "igloo": [
          "igloo"
        ],
        "nixpkgs-master": [
          "nixpkgs-master"
        ],
        "purse-first": "purse-first",
        "rust-overlay": "rust-overlay",
        "treefmt-nix": [
          "bats",
          "treefmt-nix"
        ],
        "utils": [
          "utils"
        ]
      },
      "locked": {
        "lastModified": 1783517057,
        "narHash": "sha256-Sjkt4kFYqwTGK7slrM5PzIKF3fq8yzNZm14jVZrARbI=",
        "ref": "refs/heads/master",
        "rev": "4531c9f064d408f68963a5dc5198edc94e23c478",
        "revCount": 211,
        "type": "git",
        "url": "https://code.linenisgreat.com/tap.git"
      },
      "original": {
        "type": "git",
        "url": "https://code.linenisgreat.com/tap.git"
      }
    },
    "treefmt-nix": {
      "inputs": {
        "nixpkgs": [
          "bats",
          "igloo"
        ]
      },
      "locked": {
        "lastModified": 1780220602,
        "narHash": "sha256-eynAfOmbmxJnkp7YewvCEbShNnnYJ9gLLqkzsYtBPeM=",
        "owner": "numtide",
        "repo": "treefmt-nix",
        "rev": "db947814a175b7ca6ded66e21383d938df01c227",
        "type": "github"
      },
      "original": {
        "owner": "numtide",
        "repo": "treefmt-nix",
        "type": "github"
      }
    },
    "utils": {
      "inputs": {
        "systems": [
          "igloo",
          "systems"
        ]
      },
      "locked": {
        "lastModified": 1731533236,
        "narHash": "sha256-l0KFg5HjrsfsO/JpG+r7fRrqm12kzFHyUHqHCVpMMbI=",
        "rev": "11707dc2f618dd54ca8739b309ec4fc024de578b",
        "revCount": 102,
        "type": "tarball",
        "url": "https://api.flakehub.com/f/pinned/numtide/flake-utils/0.1.102%2Brev-11707dc2f618dd54ca8739b309ec4fc024de578b/0193276d-5b8f-7dbc-acf1-41cb7b54ad2e/source.tar.gz"
      },
      "original": {
        "type": "tarball",
        "url": "https://flakehub.com/f/numtide/flake-utils/0.1.102"
      }
    }
  },
  "root": "root",
  "version": 7
}
